
Microsoft Visual Studio Solution File, Format Version 12.00
# Visual Studio 15
VisualStudioVersion = 15.0.28307.1231
MinimumVisualStudioVersion = 10.0.40219.1
Project("{FAE04EC0-301F-11D3-BF4B-00C04F79EFBC}") = "BookStoreWeb", "BookStoreWeb\BookStoreWeb.csproj", "{451343FD-E8E1-4692-877B-31F2293F3018}"
EndProject
Project("{FAE04EC0-301F-11D3-BF4B-00C04F79EFBC}") = "Utilities", "..\Utilities\Utilities\Utilities.csproj", "{614CD540-119E-4E0D-BA6C-558F00F7E6A5}"
EndProject
Project("{FAE04EC0-301F-11D3-BF4B-00C04F79EFBC}") = "BookLibrary", "BookLibrary\BookLibrary.csproj", "{C566D6A4-1D3B-442E-B1A7-CE0381DA17E2}"
EndProject
Global
	GlobalSection(SolutionConfigurationPlatforms) = preSolution
		Debug|Any CPU = Debug|Any CPU
		Release|Any CPU = Release|Any CPU
	EndGlobalSection
	GlobalSection(ProjectConfigurationPlatforms) = postSolution
		{451343FD-E8E1-4692-877B-31F2293F3018}.Debug|Any CPU.ActiveCfg = Debug|Any CPU
		{451343FD-E8E1-4692-877B-31F2293F3018}.Debug|Any CPU.Build.0 = Debug|Any CPU
		{451343FD-E8E1-4692-877B-31F2293F3018}.Release|Any CPU.ActiveCfg = Release|Any CPU
		{451343FD-E8E1-4692-877B-31F2293F3018}.Release|Any CPU.Build.0 = Release|Any CPU
		{614CD540-119E-4E0D-BA6C-558F00F7E6A5}.Debug|Any CPU.ActiveCfg = Debug|Any CPU
		{614CD540-119E-4E0D-BA6C-558F00F7E6A5}.Debug|Any CPU.Build.0 = Debug|Any CPU
		{614CD540-119E-4E0D-BA6C-558F00F7E6A5}.Release|Any CPU.ActiveCfg = Release|Any CPU
		{614CD540-119E-4E0D-BA6C-558F00F7E6A5}.Release|Any CPU.Build.0 = Release|Any CPU
		{C566D6A4-1D3B-442E-B1A7-CE0381DA17E2}.Debug|Any CPU.ActiveCfg = Debug|Any CPU
		{C566D6A4-1D3B-442E-B1A7-CE0381DA17E2}.Debug|Any CPU.Build.0 = Debug|Any CPU
		{C566D6A4-1D3B-442E-B1A7-CE0381DA17E2}.Release|Any CPU.ActiveCfg = Release|Any CPU
		{C566D6A4-1D3B-442E-B1A7-CE0381DA17E2}.Release|Any CPU.Build.0 = Release|Any CPU
	EndGlobalSection
	GlobalSection(SolutionProperties) = preSolution
		HideSolutionNode = FALSE
	EndGlobalSection
	GlobalSection(ExtensibilityGlobals) = postSolution
		SolutionGuid = {3884D109-09B7-4CFB-AF3C-C04E86ADA1B1}
	EndGlobalSection
EndGlobal
